<?xml version="1.0" encoding="utf-8"?>
<Project ToolsVersion="18.0" xmlns="http://schemas.microsoft.com/developer/msbuild/2003">
  <ItemGroup>
    <ClCompile Include="D:\Dev\nOs\CMakeFiles\nOs.dir\cmake_pch.cxx">
      <Filter>Source Files</Filter>
    </ClCompile>
    <ClCompile Include="D:\Dev\nOs\nOs\log\Logger.cpp">
      <Filter>Log</Filter>
    </ClCompile>
    <ClCompile Include="D:\Dev\nOs\nOs\src\nOs\Application.cpp">
      <Filter>Core</Filter>
    </ClCompile>
    <ClCompile Include="D:\Dev\nOs\nOs\src\nOs\Log.cpp">
      <Filter>Core</Filter>
    </ClCompile>
    <ClCompile Include="D:\Dev\nOs\nOs\src\nOs\Layer.cpp">
      <Filter>Core</Filter>
    </ClCompile>
    <ClCompile Include="D:\Dev\nOs\nOs\src\nOs\LayerStack.cpp">
      <Filter>Core</Filter>
    </ClCompile>
    <ClCompile Include="D:\Dev\nOs\nOs\src\Platform\Windows\WindowsWindow.cpp">
      <Filter>Platform\Win32</Filter>
    </ClCompile>
    <ClCompile Include="D:\Dev\nOs\nOs\src\nospch.cpp" />
  </ItemGroup>
  <ItemGroup>
    <ClInclude Include="D:\Dev\nOs\nOs\log\Logger.h">
      <Filter>Log</Filter>
    </ClInclude>
    <ClInclude Include="D:\Dev\nOs\nOs\src\nOs\Events\ApplicationEvent.h">
      <Filter>Core\Events</Filter>
    </ClInclude>
    <ClInclude Include="D:\Dev\nOs\nOs\src\nOs\Events\Event.h">
      <Filter>Core\Events</Filter>
    </ClInclude>
    <ClInclude Include="D:\Dev\nOs\nOs\src\nOs\Events\KeyEvent.h">
      <Filter>Core\Events</Filter>
    </ClInclude>
    <ClInclude Include="D:\Dev\nOs\nOs\src\nOs\Events\MouseEvent.h">
      <Filter>Core\Events</Filter>
    </ClInclude>
    <ClInclude Include="D:\Dev\nOs\nOs\src\nOs\Application.h">
      <Filter>Core</Filter>
    </ClInclude>
    <ClInclude Include="D:\Dev\nOs\nOs\src\nOs\Core.h">
      <Filter>Core</Filter>
    </ClInclude>
    <ClInclude Include="D:\Dev\nOs\nOs\src\nOs\EntryPoint.h">
      <Filter>Core</Filter>
    </ClInclude>
    <ClInclude Include="D:\Dev\nOs\nOs\src\nOs\Log.h">
      <Filter>Core</Filter>
    </ClInclude>
    <ClInclude Include="D:\Dev\nOs\nOs\src\nOs\Layer.h">
      <Filter>Core</Filter>
    </ClInclude>
    <ClInclude Include="D:\Dev\nOs\nOs\src\nOs\LayerStack.h">
      <Filter>Core</Filter>
    </ClInclude>
    <ClInclude Include="D:\Dev\nOs\nOs\src\nOs\Window.h">
      <Filter>Core</Filter>
    </ClInclude>
    <ClInclude Include="D:\Dev\nOs\nOs\src\Platform\Windows\WindowsWindow.h">
      <Filter>Platform\Win32</Filter>
    </ClInclude>
    <ClInclude Include="D:\Dev\nOs\nOs\src\nOs.h" />
    <ClInclude Include="D:\Dev\nOs\nOs\src\nospch.h" />
    <ClInclude Include="D:\Dev\nOs\CMakeFiles\nOs.dir\Debug\cmake_pch.hxx">
      <Filter>Precompile Header File</Filter>
    </ClInclude>
    <ClInclude Include="D:\Dev\nOs\CMakeFiles\nOs.dir\Release\cmake_pch.hxx">
      <Filter>Precompile Header File</Filter>
    </ClInclude>
    <ClInclude Include="D:\Dev\nOs\CMakeFiles\nOs.dir\MinSizeRel\cmake_pch.hxx">
      <Filter>Precompile Header File</Filter>
    </ClInclude>
    <ClInclude Include="D:\Dev\nOs\CMakeFiles\nOs.dir\RelWithDebInfo\cmake_pch.hxx">
      <Filter>Precompile Header File</Filter>
    </ClInclude>
  </ItemGroup>
  <ItemGroup>
    <CustomBuild Include="D:\Dev\nOs\CMakeLists.txt" />
  </ItemGroup>
  <ItemGroup>
    <Filter Include="Core">
      <UniqueIdentifier>{CC808266-8A91-37C1-A4BC-8E32A3B21A49}</UniqueIdentifier>
    </Filter>
    <Filter Include="Core\Events">
      <UniqueIdentifier>{DA321CEA-0499-374A-A693-BA17FB935190}</UniqueIdentifier>
    </Filter>
    <Filter Include="Log">
      <UniqueIdentifier>{2090AD98-DBBA-3995-B3C0-57C1D4956FCB}</UniqueIdentifier>
    </Filter>
    <Filter Include="Platform">
      <UniqueIdentifier>{FD8AB4AC-E01C-327F-8187-85C378DEB73E}</UniqueIdentifier>
    </Filter>
    <Filter Include="Platform\Win32">
      <UniqueIdentifier>{7A35CD68-8841-30AA-9792-72B0C9D45100}</UniqueIdentifier>
    </Filter>
    <Filter Include="Precompile Header File">
      <UniqueIdentifier>{76A4DF3D-FFDE-3037-A70B-905E2B66458B}</UniqueIdentifier>
    </Filter>
    <Filter Include="Source Files">
      <UniqueIdentifier>{BF0DCB54-6441-3E4F-AF1D-CD72F6B53646}</UniqueIdentifier>
    </Filter>
  </ItemGroup>
</Project>
