<?xml version="1.0" encoding="utf-8"?>
<Project ToolsVersion="18.0" xmlns="http://schemas.microsoft.com/developer/msbuild/2003">
  <ItemGroup>
    <CustomBuild Include="C:\Dev\nOs\CMakeFiles\149cabb373cc04b665e3ba0aa35aaae6\generate.stamp.rule">
      <Filter>CMake Rules</Filter>
    </CustomBuild>
  </ItemGroup>
  <ItemGroup>
    <Filter Include="CMake Rules">
      <UniqueIdentifier>{0E246CD4-734D-349B-8705-4C0278990525}</UniqueIdentifier>
    </Filter>
  </ItemGroup>
</Project>
